// !$*UTF8*$!
{
	archiveVersion = 1;
	classes = {
	};
	objectVersion = 46;
	objects = {

/* Begin PBXBuildFile section */
		3A89F34A1E675711005A9D48 /* DroneCardDescriptors.swift in Sources */ = {isa = PBXBuildFile; fileRef = 3A89F3491E675711005A9D48 /* DroneCardDescriptors.swift */; };
		3A89F34C1E6763E3005A9D48 /* VisualRecognitionV3.framework in Frameworks */ = {isa = PBXBuildFile; fileRef = 3A89F34B1E6763E3005A9D48 /* VisualRecognitionV3.framework */; };
		3A89F34E1E6763EE005A9D48 /* RestKit.framework in Frameworks */ = {isa = PBXBuildFile; fileRef = 3A89F34D1E6763EE005A9D48 /* RestKit.framework */; };
		3A89F3531E6769D2005A9D48 /* AvailableHardwareCell.swift in Sources */ = {isa = PBXBuildFile; fileRef = 3A89F3501E6769D2005A9D48 /* AvailableHardwareCell.swift */; };
		3A89F3541E6769D2005A9D48 /* DroneStatusCell.swift in Sources */ = {isa = PBXBuildFile; fileRef = 3A89F3511E6769D2005A9D48 /* DroneStatusCell.swift */; };
		3A89F3551E6769D2005A9D48 /* HandTableViewCell.swift in Sources */ = {isa = PBXBuildFile; fileRef = 3A89F3521E6769D2005A9D48 /* HandTableViewCell.swift */; };
		3A89F3571E6769FC005A9D48 /* CanvasStepHeaderView.xib in Resources */ = {isa = PBXBuildFile; fileRef = 3A89F3561E6769FC005A9D48 /* CanvasStepHeaderView.xib */; };
		3A89F3591E67C376005A9D48 /* CanvasStepHeaderView.swift in Sources */ = {isa = PBXBuildFile; fileRef = 3A89F3581E67C376005A9D48 /* CanvasStepHeaderView.swift */; };
		3A89F35B1E687DBC005A9D48 /* AddStepFooterView.xib in Resources */ = {isa = PBXBuildFile; fileRef = 3A89F35A1E687DBC005A9D48 /* AddStepFooterView.xib */; };
		3A89F35D1E6880AB005A9D48 /* AddStepFooterView.swift in Sources */ = {isa = PBXBuildFile; fileRef = 3A89F35C1E6880AB005A9D48 /* AddStepFooterView.swift */; };
		3A8BFB061E6A04A700BFE336 /* CardCollectionViewCell.swift in Sources */ = {isa = PBXBuildFile; fileRef = 3A8BFB051E6A04A700BFE336 /* CardCollectionViewCell.swift */; };
		3AB397841E667A5B00DA1800 /* Canvas.storyboard in Resources */ = {isa = PBXBuildFile; fileRef = 3AB3976F1E667A5B00DA1800 /* Canvas.storyboard */; };
		3AB397861E667A5B00DA1800 /* CanvasViewController.swift in Sources */ = {isa = PBXBuildFile; fileRef = 3AB397711E667A5B00DA1800 /* CanvasViewController.swift */; };
		3AB397871E667A5B00DA1800 /* CanvasViewModel.swift in Sources */ = {isa = PBXBuildFile; fileRef = 3AB397721E667A5B00DA1800 /* CanvasViewModel.swift */; };
		3AB3978A1E667A5B00DA1800 /* Cards.storyboard in Resources */ = {isa = PBXBuildFile; fileRef = 3AB397761E667A5B00DA1800 /* Cards.storyboard */; };
		3AB3978B1E667A5B00DA1800 /* CardsTableViewController.swift in Sources */ = {isa = PBXBuildFile; fileRef = 3AB397771E667A5B00DA1800 /* CardsTableViewController.swift */; };
		3AB3978C1E667A5B00DA1800 /* CardTableViewCell.swift in Sources */ = {isa = PBXBuildFile; fileRef = 3AB397781E667A5B00DA1800 /* CardTableViewCell.swift */; };
		3AB3978D1E667A5B00DA1800 /* Library.storyboard in Resources */ = {isa = PBXBuildFile; fileRef = 3AB397791E667A5B00DA1800 /* Library.storyboard */; };
		3AB3978E1E667A5B00DA1800 /* LibraryViewController.swift in Sources */ = {isa = PBXBuildFile; fileRef = 3AB3977A1E667A5B00DA1800 /* LibraryViewController.swift */; };
		3AB3978F1E667A5B00DA1800 /* Logs.storyboard in Resources */ = {isa = PBXBuildFile; fileRef = 3AB3977B1E667A5B00DA1800 /* Logs.storyboard */; };
		3AB397901E667A5B00DA1800 /* LogsViewController.swift in Sources */ = {isa = PBXBuildFile; fileRef = 3AB3977C1E667A5B00DA1800 /* LogsViewController.swift */; };
		3AB397911E667A5B00DA1800 /* Localizable.strings in Resources */ = {isa = PBXBuildFile; fileRef = 3AB3977E1E667A5B00DA1800 /* Localizable.strings */; };
		3AB397921E667A5B00DA1800 /* Reusable.swift in Sources */ = {isa = PBXBuildFile; fileRef = 3AB397801E667A5B00DA1800 /* Reusable.swift */; };
		3AB397931E667A5B00DA1800 /* UIColorExtension.swift in Sources */ = {isa = PBXBuildFile; fileRef = 3AB397811E667A5B00DA1800 /* UIColorExtension.swift */; };
		3AB397941E667A5B00DA1800 /* UITableViewExtension.swift in Sources */ = {isa = PBXBuildFile; fileRef = 3AB397821E667A5B00DA1800 /* UITableViewExtension.swift */; };
		3ACEF1E71E6DF9240047CE08 /* HandExtension.swift in Sources */ = {isa = PBXBuildFile; fileRef = 3ACEF1E61E6DF9240047CE08 /* HandExtension.swift */; };
		3AE7F6771E64924C00D67889 /* AppDelegate.swift in Sources */ = {isa = PBXBuildFile; fileRef = 3AE7F6761E64924C00D67889 /* AppDelegate.swift */; };
		3AE7F67E1E64924C00D67889 /* Assets.xcassets in Resources */ = {isa = PBXBuildFile; fileRef = 3AE7F67D1E64924C00D67889 /* Assets.xcassets */; };
		3AE7F6811E64924C00D67889 /* LaunchScreen.storyboard in Resources */ = {isa = PBXBuildFile; fileRef = 3AE7F67F1E64924C00D67889 /* LaunchScreen.storyboard */; };
		3AE7F68C1E64924C00D67889 /* DroneProtoZeroTests.swift in Sources */ = {isa = PBXBuildFile; fileRef = 3AE7F68B1E64924C00D67889 /* DroneProtoZeroTests.swift */; };
		3AE7F6971E64924C00D67889 /* DroneProtoZeroUITests.swift in Sources */ = {isa = PBXBuildFile; fileRef = 3AE7F6961E64924C00D67889 /* DroneProtoZeroUITests.swift */; };
		D530A3121E65E280003974CB /* CardKit.framework in Frameworks */ = {isa = PBXBuildFile; fileRef = D530A30E1E65E280003974CB /* CardKit.framework */; };
		D530A3131E65E280003974CB /* CardKitRuntime.framework in Frameworks */ = {isa = PBXBuildFile; fileRef = D530A30F1E65E280003974CB /* CardKitRuntime.framework */; };
		D530A3141E65E280003974CB /* DroneCardKit.framework in Frameworks */ = {isa = PBXBuildFile; fileRef = D530A3101E65E280003974CB /* DroneCardKit.framework */; };
		D530A3151E65E280003974CB /* Freddy.framework in Frameworks */ = {isa = PBXBuildFile; fileRef = D530A3111E65E280003974CB /* Freddy.framework */; };
		D530A3191E670F69003974CB /* SplitViewController.swift in Sources */ = {isa = PBXBuildFile; fileRef = D530A3181E670F69003974CB /* SplitViewController.swift */; };
/* End PBXBuildFile section */

/* Begin PBXContainerItemProxy section */
		3AE7F6881E64924C00D67889 /* PBXContainerItemProxy */ = {
			isa = PBXContainerItemProxy;
			containerPortal = 3AE7F66B1E64924C00D67889 /* Project object */;
			proxyType = 1;
			remoteGlobalIDString = 3AE7F6721E64924C00D67889;
			remoteInfo = DroneProtoZero;
		};
		3AE7F6931E64924C00D67889 /* PBXContainerItemProxy */ = {
			isa = PBXContainerItemProxy;
			containerPortal = 3AE7F66B1E64924C00D67889 /* Project object */;
			proxyType = 1;
			remoteGlobalIDString = 3AE7F6721E64924C00D67889;
			remoteInfo = DroneProtoZero;
		};
/* End PBXContainerItemProxy section */

/* Begin PBXFileReference section */
		3A89F3491E675711005A9D48 /* DroneCardDescriptors.swift */ = {isa = PBXFileReference; fileEncoding = 4; lastKnownFileType = sourcecode.swift; path = DroneCardDescriptors.swift; sourceTree = "<group>"; };
		3A89F34B1E6763E3005A9D48 /* VisualRecognitionV3.framework */ = {isa = PBXFileReference; lastKnownFileType = wrapper.framework; name = VisualRecognitionV3.framework; path = Carthage/Build/iOS/VisualRecognitionV3.framework; sourceTree = "<group>"; };
		3A89F34D1E6763EE005A9D48 /* RestKit.framework */ = {isa = PBXFileReference; lastKnownFileType = wrapper.framework; name = RestKit.framework; path = Carthage/Build/iOS/RestKit.framework; sourceTree = "<group>"; };
		3A89F3501E6769D2005A9D48 /* AvailableHardwareCell.swift */ = {isa = PBXFileReference; fileEncoding = 4; lastKnownFileType = sourcecode.swift; path = AvailableHardwareCell.swift; sourceTree = "<group>"; };
		3A89F3511E6769D2005A9D48 /* DroneStatusCell.swift */ = {isa = PBXFileReference; fileEncoding = 4; lastKnownFileType = sourcecode.swift; path = DroneStatusCell.swift; sourceTree = "<group>"; };
		3A89F3521E6769D2005A9D48 /* HandTableViewCell.swift */ = {isa = PBXFileReference; fileEncoding = 4; lastKnownFileType = sourcecode.swift; path = HandTableViewCell.swift; sourceTree = "<group>"; };
		3A89F3561E6769FC005A9D48 /* CanvasStepHeaderView.xib */ = {isa = PBXFileReference; fileEncoding = 4; lastKnownFileType = file.xib; path = CanvasStepHeaderView.xib; sourceTree = "<group>"; };
		3A89F3581E67C376005A9D48 /* CanvasStepHeaderView.swift */ = {isa = PBXFileReference; fileEncoding = 4; lastKnownFileType = sourcecode.swift; path = CanvasStepHeaderView.swift; sourceTree = "<group>"; };
		3A89F35A1E687DBC005A9D48 /* AddStepFooterView.xib */ = {isa = PBXFileReference; fileEncoding = 4; lastKnownFileType = file.xib; path = AddStepFooterView.xib; sourceTree = "<group>"; };
		3A89F35C1E6880AB005A9D48 /* AddStepFooterView.swift */ = {isa = PBXFileReference; fileEncoding = 4; lastKnownFileType = sourcecode.swift; path = AddStepFooterView.swift; sourceTree = "<group>"; };
		3A8BFB051E6A04A700BFE336 /* CardCollectionViewCell.swift */ = {isa = PBXFileReference; fileEncoding = 4; lastKnownFileType = sourcecode.swift; path = CardCollectionViewCell.swift; sourceTree = "<group>"; };
		3AB3976F1E667A5B00DA1800 /* Canvas.storyboard */ = {isa = PBXFileReference; fileEncoding = 4; lastKnownFileType = file.storyboard; path = Canvas.storyboard; sourceTree = "<group>"; };
		3AB397711E667A5B00DA1800 /* CanvasViewController.swift */ = {isa = PBXFileReference; fileEncoding = 4; lastKnownFileType = sourcecode.swift; path = CanvasViewController.swift; sourceTree = "<group>"; };
		3AB397721E667A5B00DA1800 /* CanvasViewModel.swift */ = {isa = PBXFileReference; fileEncoding = 4; lastKnownFileType = sourcecode.swift; path = CanvasViewModel.swift; sourceTree = "<group>"; };
		3AB397761E667A5B00DA1800 /* Cards.storyboard */ = {isa = PBXFileReference; fileEncoding = 4; lastKnownFileType = file.storyboard; path = Cards.storyboard; sourceTree = "<group>"; };
		3AB397771E667A5B00DA1800 /* CardsTableViewController.swift */ = {isa = PBXFileReference; fileEncoding = 4; lastKnownFileType = sourcecode.swift; path = CardsTableViewController.swift; sourceTree = "<group>"; };
		3AB397781E667A5B00DA1800 /* CardTableViewCell.swift */ = {isa = PBXFileReference; fileEncoding = 4; lastKnownFileType = sourcecode.swift; path = CardTableViewCell.swift; sourceTree = "<group>"; };
		3AB397791E667A5B00DA1800 /* Library.storyboard */ = {isa = PBXFileReference; fileEncoding = 4; lastKnownFileType = file.storyboard; path = Library.storyboard; sourceTree = "<group>"; };
		3AB3977A1E667A5B00DA1800 /* LibraryViewController.swift */ = {isa = PBXFileReference; fileEncoding = 4; lastKnownFileType = sourcecode.swift; path = LibraryViewController.swift; sourceTree = "<group>"; };
		3AB3977B1E667A5B00DA1800 /* Logs.storyboard */ = {isa = PBXFileReference; fileEncoding = 4; lastKnownFileType = file.storyboard; path = Logs.storyboard; sourceTree = "<group>"; };
		3AB3977C1E667A5B00DA1800 /* LogsViewController.swift */ = {isa = PBXFileReference; fileEncoding = 4; lastKnownFileType = sourcecode.swift; path = LogsViewController.swift; sourceTree = "<group>"; };
		3AB3977E1E667A5B00DA1800 /* Localizable.strings */ = {isa = PBXFileReference; fileEncoding = 4; lastKnownFileType = text.plist.strings; path = Localizable.strings; sourceTree = "<group>"; };
		3AB397801E667A5B00DA1800 /* Reusable.swift */ = {isa = PBXFileReference; fileEncoding = 4; lastKnownFileType = sourcecode.swift; path = Reusable.swift; sourceTree = "<group>"; };
		3AB397811E667A5B00DA1800 /* UIColorExtension.swift */ = {isa = PBXFileReference; fileEncoding = 4; lastKnownFileType = sourcecode.swift; path = UIColorExtension.swift; sourceTree = "<group>"; };
		3AB397821E667A5B00DA1800 /* UITableViewExtension.swift */ = {isa = PBXFileReference; fileEncoding = 4; lastKnownFileType = sourcecode.swift; path = UITableViewExtension.swift; sourceTree = "<group>"; };
		3ACEF1E61E6DF9240047CE08 /* HandExtension.swift */ = {isa = PBXFileReference; fileEncoding = 4; lastKnownFileType = sourcecode.swift; path = HandExtension.swift; sourceTree = "<group>"; };
		3AE7F6731E64924C00D67889 /* DroneProtoZero.app */ = {isa = PBXFileReference; explicitFileType = wrapper.application; includeInIndex = 0; path = DroneProtoZero.app; sourceTree = BUILT_PRODUCTS_DIR; };
		3AE7F6761E64924C00D67889 /* AppDelegate.swift */ = {isa = PBXFileReference; lastKnownFileType = sourcecode.swift; path = AppDelegate.swift; sourceTree = "<group>"; };
		3AE7F67D1E64924C00D67889 /* Assets.xcassets */ = {isa = PBXFileReference; lastKnownFileType = folder.assetcatalog; path = Assets.xcassets; sourceTree = "<group>"; };
		3AE7F6801E64924C00D67889 /* Base */ = {isa = PBXFileReference; lastKnownFileType = file.storyboard; name = Base; path = Base.lproj/LaunchScreen.storyboard; sourceTree = "<group>"; };
		3AE7F6821E64924C00D67889 /* Info.plist */ = {isa = PBXFileReference; lastKnownFileType = text.plist.xml; path = Info.plist; sourceTree = "<group>"; };
		3AE7F6871E64924C00D67889 /* DroneProtoZeroTests.xctest */ = {isa = PBXFileReference; explicitFileType = wrapper.cfbundle; includeInIndex = 0; path = DroneProtoZeroTests.xctest; sourceTree = BUILT_PRODUCTS_DIR; };
		3AE7F68B1E64924C00D67889 /* DroneProtoZeroTests.swift */ = {isa = PBXFileReference; lastKnownFileType = sourcecode.swift; path = DroneProtoZeroTests.swift; sourceTree = "<group>"; };
		3AE7F68D1E64924C00D67889 /* Info.plist */ = {isa = PBXFileReference; lastKnownFileType = text.plist.xml; path = Info.plist; sourceTree = "<group>"; };
		3AE7F6921E64924C00D67889 /* DroneProtoZeroUITests.xctest */ = {isa = PBXFileReference; explicitFileType = wrapper.cfbundle; includeInIndex = 0; path = DroneProtoZeroUITests.xctest; sourceTree = BUILT_PRODUCTS_DIR; };
		3AE7F6961E64924C00D67889 /* DroneProtoZeroUITests.swift */ = {isa = PBXFileReference; lastKnownFileType = sourcecode.swift; path = DroneProtoZeroUITests.swift; sourceTree = "<group>"; };
		3AE7F6981E64924C00D67889 /* Info.plist */ = {isa = PBXFileReference; lastKnownFileType = text.plist.xml; path = Info.plist; sourceTree = "<group>"; };
		D530A3001E65D96A003974CB /* CardKit.framework */ = {isa = PBXFileReference; lastKnownFileType = wrapper.framework; name = CardKit.framework; path = ../Carthage/Build/iOS/CardKit.framework; sourceTree = "<group>"; };
		D530A3011E65D96A003974CB /* CardKitRuntime.framework */ = {isa = PBXFileReference; lastKnownFileType = wrapper.framework; name = CardKitRuntime.framework; path = ../Carthage/Build/iOS/CardKitRuntime.framework; sourceTree = "<group>"; };
		D530A3021E65D96A003974CB /* DroneCardKit.framework */ = {isa = PBXFileReference; lastKnownFileType = wrapper.framework; name = DroneCardKit.framework; path = ../Carthage/Build/iOS/DroneCardKit.framework; sourceTree = "<group>"; };
		D530A3031E65D96A003974CB /* Freddy.framework */ = {isa = PBXFileReference; lastKnownFileType = wrapper.framework; name = Freddy.framework; path = ../Carthage/Build/iOS/Freddy.framework; sourceTree = "<group>"; };
		D530A30E1E65E280003974CB /* CardKit.framework */ = {isa = PBXFileReference; lastKnownFileType = wrapper.framework; name = CardKit.framework; path = Carthage/Build/iOS/CardKit.framework; sourceTree = "<group>"; };
		D530A30F1E65E280003974CB /* CardKitRuntime.framework */ = {isa = PBXFileReference; lastKnownFileType = wrapper.framework; name = CardKitRuntime.framework; path = Carthage/Build/iOS/CardKitRuntime.framework; sourceTree = "<group>"; };
		D530A3101E65E280003974CB /* DroneCardKit.framework */ = {isa = PBXFileReference; lastKnownFileType = wrapper.framework; name = DroneCardKit.framework; path = Carthage/Build/iOS/DroneCardKit.framework; sourceTree = "<group>"; };
		D530A3111E65E280003974CB /* Freddy.framework */ = {isa = PBXFileReference; lastKnownFileType = wrapper.framework; name = Freddy.framework; path = Carthage/Build/iOS/Freddy.framework; sourceTree = "<group>"; };
		D530A3181E670F69003974CB /* SplitViewController.swift */ = {isa = PBXFileReference; fileEncoding = 4; lastKnownFileType = sourcecode.swift; path = SplitViewController.swift; sourceTree = "<group>"; };
/* End PBXFileReference section */

/* Begin PBXFrameworksBuildPhase section */
		3AE7F6701E64924C00D67889 /* Frameworks */ = {
			isa = PBXFrameworksBuildPhase;
			buildActionMask = 2147483647;
			files = (
				3A89F34C1E6763E3005A9D48 /* VisualRecognitionV3.framework in Frameworks */,
				D530A3121E65E280003974CB /* CardKit.framework in Frameworks */,
				D530A3131E65E280003974CB /* CardKitRuntime.framework in Frameworks */,
				D530A3141E65E280003974CB /* DroneCardKit.framework in Frameworks */,
				D530A3151E65E280003974CB /* Freddy.framework in Frameworks */,
				3A89F34E1E6763EE005A9D48 /* RestKit.framework in Frameworks */,
			);
			runOnlyForDeploymentPostprocessing = 0;
		};
		3AE7F6841E64924C00D67889 /* Frameworks */ = {
			isa = PBXFrameworksBuildPhase;
			buildActionMask = 2147483647;
			files = (
			);
			runOnlyForDeploymentPostprocessing = 0;
		};
		3AE7F68F1E64924C00D67889 /* Frameworks */ = {
			isa = PBXFrameworksBuildPhase;
			buildActionMask = 2147483647;
			files = (
			);
			runOnlyForDeploymentPostprocessing = 0;
		};
/* End PBXFrameworksBuildPhase section */

/* Begin PBXGroup section */
		3A89F34F1E6769D2005A9D48 /* Views */ = {
			isa = PBXGroup;
			children = (
				3A89F3501E6769D2005A9D48 /* AvailableHardwareCell.swift */,
				3A89F3511E6769D2005A9D48 /* DroneStatusCell.swift */,
				3A89F3521E6769D2005A9D48 /* HandTableViewCell.swift */,
				3A89F3561E6769FC005A9D48 /* CanvasStepHeaderView.xib */,
				3A89F3581E67C376005A9D48 /* CanvasStepHeaderView.swift */,
				3A89F35A1E687DBC005A9D48 /* AddStepFooterView.xib */,
				3A89F35C1E6880AB005A9D48 /* AddStepFooterView.swift */,
				3A8BFB051E6A04A700BFE336 /* CardCollectionViewCell.swift */,
			);
			path = Views;
			sourceTree = "<group>";
		};
		3AB3976C1E667A5B00DA1800 /* Features */ = {
			isa = PBXGroup;
			children = (
				3AB3976D1E667A5B00DA1800 /* Canvas */,
				3AB397751E667A5B00DA1800 /* Library */,
			);
			path = Features;
			sourceTree = "<group>";
		};
		3AB3976D1E667A5B00DA1800 /* Canvas */ = {
			isa = PBXGroup;
			children = (
				3AB3976F1E667A5B00DA1800 /* Canvas.storyboard */,
				3A89F34F1E6769D2005A9D48 /* Views */,
				3AB397711E667A5B00DA1800 /* CanvasViewController.swift */,
				3AB397721E667A5B00DA1800 /* CanvasViewModel.swift */,
			);
			path = Canvas;
			sourceTree = "<group>";
		};
		3AB397751E667A5B00DA1800 /* Library */ = {
			isa = PBXGroup;
			children = (
				3A89F3491E675711005A9D48 /* DroneCardDescriptors.swift */,
				3AB397761E667A5B00DA1800 /* Cards.storyboard */,
				3AB397771E667A5B00DA1800 /* CardsTableViewController.swift */,
				3AB397781E667A5B00DA1800 /* CardTableViewCell.swift */,
				3AB397791E667A5B00DA1800 /* Library.storyboard */,
				3AB3977A1E667A5B00DA1800 /* LibraryViewController.swift */,
				3AB3977B1E667A5B00DA1800 /* Logs.storyboard */,
				3AB3977C1E667A5B00DA1800 /* LogsViewController.swift */,
			);
			path = Library;
			sourceTree = "<group>";
		};
		3AB3977D1E667A5B00DA1800 /* Supporting Files */ = {
			isa = PBXGroup;
			children = (
				3AB3977E1E667A5B00DA1800 /* Localizable.strings */,
			);
			path = "Supporting Files";
			sourceTree = "<group>";
		};
		3AB3977F1E667A5B00DA1800 /* Utils */ = {
			isa = PBXGroup;
			children = (
				3AB397801E667A5B00DA1800 /* Reusable.swift */,
				3AB397811E667A5B00DA1800 /* UIColorExtension.swift */,
				3AB397821E667A5B00DA1800 /* UITableViewExtension.swift */,
				3ACEF1E61E6DF9240047CE08 /* HandExtension.swift */,
			);
			path = Utils;
			sourceTree = "<group>";
		};
		3AE7F66A1E64924C00D67889 = {
			isa = PBXGroup;
			children = (
				3AE7F6751E64924C00D67889 /* DroneProtoZero */,
				3AE7F68A1E64924C00D67889 /* DroneProtoZeroTests */,
				3AE7F6951E64924C00D67889 /* DroneProtoZeroUITests */,
				3AE7F6741E64924C00D67889 /* Products */,
				D530A2FF1E65D969003974CB /* Frameworks */,
			);
			sourceTree = "<group>";
		};
		3AE7F6741E64924C00D67889 /* Products */ = {
			isa = PBXGroup;
			children = (
				3AE7F6731E64924C00D67889 /* DroneProtoZero.app */,
				3AE7F6871E64924C00D67889 /* DroneProtoZeroTests.xctest */,
				3AE7F6921E64924C00D67889 /* DroneProtoZeroUITests.xctest */,
			);
			name = Products;
			sourceTree = "<group>";
		};
		3AE7F6751E64924C00D67889 /* DroneProtoZero */ = {
			isa = PBXGroup;
			children = (
				3AE7F6761E64924C00D67889 /* AppDelegate.swift */,
				3AB3976C1E667A5B00DA1800 /* Features */,
				3AB3977D1E667A5B00DA1800 /* Supporting Files */,
				3AB3977F1E667A5B00DA1800 /* Utils */,
				D530A3181E670F69003974CB /* SplitViewController.swift */,
				3AE7F67D1E64924C00D67889 /* Assets.xcassets */,
				3AE7F67F1E64924C00D67889 /* LaunchScreen.storyboard */,
				3AE7F6821E64924C00D67889 /* Info.plist */,
			);
			path = DroneProtoZero;
			sourceTree = "<group>";
		};
		3AE7F68A1E64924C00D67889 /* DroneProtoZeroTests */ = {
			isa = PBXGroup;
			children = (
				3AE7F68B1E64924C00D67889 /* DroneProtoZeroTests.swift */,
				3AE7F68D1E64924C00D67889 /* Info.plist */,
			);
			path = DroneProtoZeroTests;
			sourceTree = "<group>";
		};
		3AE7F6951E64924C00D67889 /* DroneProtoZeroUITests */ = {
			isa = PBXGroup;
			children = (
				3AE7F6961E64924C00D67889 /* DroneProtoZeroUITests.swift */,
				3AE7F6981E64924C00D67889 /* Info.plist */,
			);
			path = DroneProtoZeroUITests;
			sourceTree = "<group>";
		};
		D530A2FF1E65D969003974CB /* Frameworks */ = {
			isa = PBXGroup;
			children = (
				3A89F34D1E6763EE005A9D48 /* RestKit.framework */,
				3A89F34B1E6763E3005A9D48 /* VisualRecognitionV3.framework */,
				D530A30E1E65E280003974CB /* CardKit.framework */,
				D530A30F1E65E280003974CB /* CardKitRuntime.framework */,
				D530A3101E65E280003974CB /* DroneCardKit.framework */,
				D530A3111E65E280003974CB /* Freddy.framework */,
				D530A3001E65D96A003974CB /* CardKit.framework */,
				D530A3011E65D96A003974CB /* CardKitRuntime.framework */,
				D530A3021E65D96A003974CB /* DroneCardKit.framework */,
				D530A3031E65D96A003974CB /* Freddy.framework */,
			);
			name = Frameworks;
			sourceTree = "<group>";
		};
/* End PBXGroup section */

/* Begin PBXNativeTarget section */
		3AE7F6721E64924C00D67889 /* DroneProtoZero */ = {
			isa = PBXNativeTarget;
			buildConfigurationList = 3AE7F69B1E64924C00D67889 /* Build configuration list for PBXNativeTarget "DroneProtoZero" */;
			buildPhases = (
				3AE7F66F1E64924C00D67889 /* Sources */,
				3AE7F6701E64924C00D67889 /* Frameworks */,
				3AE7F6711E64924C00D67889 /* Resources */,
				3AB3971F1E6516C500DA1800 /* Swift Lint */,
				D530A30D1E65DC40003974CB /* Carthage Run Script */,
			);
			buildRules = (
			);
			dependencies = (
			);
			name = DroneProtoZero;
			productName = DroneProtoZero;
			productReference = 3AE7F6731E64924C00D67889 /* DroneProtoZero.app */;
			productType = "com.apple.product-type.application";
		};
		3AE7F6861E64924C00D67889 /* DroneProtoZeroTests */ = {
			isa = PBXNativeTarget;
			buildConfigurationList = 3AE7F69E1E64924C00D67889 /* Build configuration list for PBXNativeTarget "DroneProtoZeroTests" */;
			buildPhases = (
				3AE7F6831E64924C00D67889 /* Sources */,
				3AE7F6841E64924C00D67889 /* Frameworks */,
				3AE7F6851E64924C00D67889 /* Resources */,
			);
			buildRules = (
			);
			dependencies = (
				3AE7F6891E64924C00D67889 /* PBXTargetDependency */,
			);
			name = DroneProtoZeroTests;
			productName = DroneProtoZeroTests;
			productReference = 3AE7F6871E64924C00D67889 /* DroneProtoZeroTests.xctest */;
			productType = "com.apple.product-type.bundle.unit-test";
		};
		3AE7F6911E64924C00D67889 /* DroneProtoZeroUITests */ = {
			isa = PBXNativeTarget;
			buildConfigurationList = 3AE7F6A11E64924C00D67889 /* Build configuration list for PBXNativeTarget "DroneProtoZeroUITests" */;
			buildPhases = (
				3AE7F68E1E64924C00D67889 /* Sources */,
				3AE7F68F1E64924C00D67889 /* Frameworks */,
				3AE7F6901E64924C00D67889 /* Resources */,
			);
			buildRules = (
			);
			dependencies = (
				3AE7F6941E64924C00D67889 /* PBXTargetDependency */,
			);
			name = DroneProtoZeroUITests;
			productName = DroneProtoZeroUITests;
			productReference = 3AE7F6921E64924C00D67889 /* DroneProtoZeroUITests.xctest */;
			productType = "com.apple.product-type.bundle.ui-testing";
		};
/* End PBXNativeTarget section */

/* Begin PBXProject section */
		3AE7F66B1E64924C00D67889 /* Project object */ = {
			isa = PBXProject;
			attributes = {
				LastSwiftUpdateCheck = 0820;
				LastUpgradeCheck = 0820;
				ORGANIZATIONNAME = "IBM Research";
				TargetAttributes = {
					3AE7F6721E64924C00D67889 = {
						CreatedOnToolsVersion = 8.2.1;
						DevelopmentTeam = 76CMF53Q35;
						ProvisioningStyle = Automatic;
					};
					3AE7F6861E64924C00D67889 = {
						CreatedOnToolsVersion = 8.2.1;
						DevelopmentTeam = 76CMF53Q35;
						ProvisioningStyle = Automatic;
						TestTargetID = 3AE7F6721E64924C00D67889;
					};
					3AE7F6911E64924C00D67889 = {
						CreatedOnToolsVersion = 8.2.1;
						DevelopmentTeam = 76CMF53Q35;
						ProvisioningStyle = Automatic;
						TestTargetID = 3AE7F6721E64924C00D67889;
					};
				};
			};
			buildConfigurationList = 3AE7F66E1E64924C00D67889 /* Build configuration list for PBXProject "DroneProtoZero" */;
			compatibilityVersion = "Xcode 3.2";
			developmentRegion = English;
			hasScannedForEncodings = 0;
			knownRegions = (
				en,
				Base,
			);
			mainGroup = 3AE7F66A1E64924C00D67889;
			productRefGroup = 3AE7F6741E64924C00D67889 /* Products */;
			projectDirPath = "";
			projectRoot = "";
			targets = (
				3AE7F6721E64924C00D67889 /* DroneProtoZero */,
				3AE7F6861E64924C00D67889 /* DroneProtoZeroTests */,
				3AE7F6911E64924C00D67889 /* DroneProtoZeroUITests */,
			);
		};
/* End PBXProject section */

/* Begin PBXResourcesBuildPhase section */
		3AE7F6711E64924C00D67889 /* Resources */ = {
			isa = PBXResourcesBuildPhase;
			buildActionMask = 2147483647;
			files = (
				3A89F35B1E687DBC005A9D48 /* AddStepFooterView.xib in Resources */,
				3AB3978A1E667A5B00DA1800 /* Cards.storyboard in Resources */,
				3AE7F6811E64924C00D67889 /* LaunchScreen.storyboard in Resources */,
				3AB3978D1E667A5B00DA1800 /* Library.storyboard in Resources */,
				3AB397911E667A5B00DA1800 /* Localizable.strings in Resources */,
				3AB3978F1E667A5B00DA1800 /* Logs.storyboard in Resources */,
				3A89F3571E6769FC005A9D48 /* CanvasStepHeaderView.xib in Resources */,
				3AB397841E667A5B00DA1800 /* Canvas.storyboard in Resources */,
				3AE7F67E1E64924C00D67889 /* Assets.xcassets in Resources */,
			);
			runOnlyForDeploymentPostprocessing = 0;
		};
		3AE7F6851E64924C00D67889 /* Resources */ = {
			isa = PBXResourcesBuildPhase;
			buildActionMask = 2147483647;
			files = (
			);
			runOnlyForDeploymentPostprocessing = 0;
		};
		3AE7F6901E64924C00D67889 /* Resources */ = {
			isa = PBXResourcesBuildPhase;
			buildActionMask = 2147483647;
			files = (
			);
			runOnlyForDeploymentPostprocessing = 0;
		};
/* End PBXResourcesBuildPhase section */

/* Begin PBXShellScriptBuildPhase section */
		3AB3971F1E6516C500DA1800 /* Swift Lint */ = {
			isa = PBXShellScriptBuildPhase;
			buildActionMask = 2147483647;
			files = (
			);
			inputPaths = (
			);
			name = "Swift Lint";
			outputPaths = (
			);
			runOnlyForDeploymentPostprocessing = 0;
			shellPath = /bin/sh;
			shellScript = "export PATH=\"/usr/local/bin:$PATH\"\nif which swiftlint >/dev/null; then\nswiftlint\nelse\necho \"warning: SwiftLint not installed, download from https://github.com/realm/SwiftLint\"\nfi";
		};
		D530A30D1E65DC40003974CB /* Carthage Run Script */ = {
			isa = PBXShellScriptBuildPhase;
			buildActionMask = 2147483647;
			files = (
			);
			inputPaths = (
				"$(SRCROOT)/Carthage/Build/iOS/CardKit.framework",
				"$(SRCROOT)/Carthage/Build/iOS/CardKitRuntime.framework",
				"$(SRCROOT)/Carthage/Build/iOS/DroneCardKit.framework",
				"$(SRCROOT)/Carthage/Build/iOS/Freddy.framework",
				"$(SRCROOT)/Carthage/Build/iOS/RestKit.framework",
				"$(SRCROOT)/Carthage/Build/iOS/VisualRecognitionV3.framework",
			);
			name = "Carthage Run Script";
			outputPaths = (
			);
			runOnlyForDeploymentPostprocessing = 0;
			shellPath = /bin/sh;
			shellScript = "/usr/local/bin/carthage copy-frameworks";
		};
/* End PBXShellScriptBuildPhase section */

/* Begin PBXSourcesBuildPhase section */
		3AE7F66F1E64924C00D67889 /* Sources */ = {
			isa = PBXSourcesBuildPhase;
			buildActionMask = 2147483647;
			files = (
				3A89F3531E6769D2005A9D48 /* AvailableHardwareCell.swift in Sources */,
				3A89F3591E67C376005A9D48 /* CanvasStepHeaderView.swift in Sources */,
				3AB397921E667A5B00DA1800 /* Reusable.swift in Sources */,
				3AB397871E667A5B00DA1800 /* CanvasViewModel.swift in Sources */,
				3AB397861E667A5B00DA1800 /* CanvasViewController.swift in Sources */,
				3A89F3551E6769D2005A9D48 /* HandTableViewCell.swift in Sources */,
				3AE7F6771E64924C00D67889 /* AppDelegate.swift in Sources */,
				3AB397931E667A5B00DA1800 /* UIColorExtension.swift in Sources */,
				3AB3978B1E667A5B00DA1800 /* CardsTableViewController.swift in Sources */,
				3AB397901E667A5B00DA1800 /* LogsViewController.swift in Sources */,
				3AB3978E1E667A5B00DA1800 /* LibraryViewController.swift in Sources */,
				3ACEF1E71E6DF9240047CE08 /* HandExtension.swift in Sources */,
				3A89F3541E6769D2005A9D48 /* DroneStatusCell.swift in Sources */,
				3A89F34A1E675711005A9D48 /* DroneCardDescriptors.swift in Sources */,
				3AB3978C1E667A5B00DA1800 /* CardTableViewCell.swift in Sources */,
				3AB397941E667A5B00DA1800 /* UITableViewExtension.swift in Sources */,
				D530A3191E670F69003974CB /* SplitViewController.swift in Sources */,
				3A8BFB061E6A04A700BFE336 /* CardCollectionViewCell.swift in Sources */,
				3A89F35D1E6880AB005A9D48 /* AddStepFooterView.swift in Sources */,
			);
			runOnlyForDeploymentPostprocessing = 0;
		};
		3AE7F6831E64924C00D67889 /* Sources */ = {
			isa = PBXSourcesBuildPhase;
			buildActionMask = 2147483647;
			files = (
				3AE7F68C1E64924C00D67889 /* DroneProtoZeroTests.swift in Sources */,
			);
			runOnlyForDeploymentPostprocessing = 0;
		};
		3AE7F68E1E64924C00D67889 /* Sources */ = {
			isa = PBXSourcesBuildPhase;
			buildActionMask = 2147483647;
			files = (
				3AE7F6971E64924C00D67889 /* DroneProtoZeroUITests.swift in Sources */,
			);
			runOnlyForDeploymentPostprocessing = 0;
		};
/* End PBXSourcesBuildPhase section */

/* Begin PBXTargetDependency section */
		3AE7F6891E64924C00D67889 /* PBXTargetDependency */ = {
			isa = PBXTargetDependency;
			target = 3AE7F6721E64924C00D67889 /* DroneProtoZero */;
			targetProxy = 3AE7F6881E64924C00D67889 /* PBXContainerItemProxy */;
		};
		3AE7F6941E64924C00D67889 /* PBXTargetDependency */ = {
			isa = PBXTargetDependency;
			target = 3AE7F6721E64924C00D67889 /* DroneProtoZero */;
			targetProxy = 3AE7F6931E64924C00D67889 /* PBXContainerItemProxy */;
		};
/* End PBXTargetDependency section */

/* Begin PBXVariantGroup section */
		3AE7F67F1E64924C00D67889 /* LaunchScreen.storyboard */ = {
			isa = PBXVariantGroup;
			children = (
				3AE7F6801E64924C00D67889 /* Base */,
			);
			name = LaunchScreen.storyboard;
			sourceTree = "<group>";
		};
/* End PBXVariantGroup section */

/* Begin XCBuildConfiguration section */
		3AE7F6991E64924C00D67889 /* Debug */ = {
			isa = XCBuildConfiguration;
			buildSettings = {
				ALWAYS_SEARCH_USER_PATHS = NO;
				CLANG_ANALYZER_NONNULL = YES;
				CLANG_CXX_LANGUAGE_STANDARD = "gnu++0x";
				CLANG_CXX_LIBRARY = "libc++";
				CLANG_ENABLE_MODULES = YES;
				CLANG_ENABLE_OBJC_ARC = YES;
				CLANG_WARN_BOOL_CONVERSION = YES;
				CLANG_WARN_CONSTANT_CONVERSION = YES;
				CLANG_WARN_DIRECT_OBJC_ISA_USAGE = YES_ERROR;
				CLANG_WARN_DOCUMENTATION_COMMENTS = YES;
				CLANG_WARN_EMPTY_BODY = YES;
				CLANG_WARN_ENUM_CONVERSION = YES;
				CLANG_WARN_INFINITE_RECURSION = YES;
				CLANG_WARN_INT_CONVERSION = YES;
				CLANG_WARN_OBJC_ROOT_CLASS = YES_ERROR;
				CLANG_WARN_SUSPICIOUS_MOVE = YES;
				CLANG_WARN_UNREACHABLE_CODE = YES;
				CLANG_WARN__DUPLICATE_METHOD_MATCH = YES;
				"CODE_SIGN_IDENTITY[sdk=iphoneos*]" = "iPhone Developer";
				COPY_PHASE_STRIP = NO;
				DEBUG_INFORMATION_FORMAT = dwarf;
				ENABLE_STRICT_OBJC_MSGSEND = YES;
				ENABLE_TESTABILITY = YES;
				GCC_C_LANGUAGE_STANDARD = gnu99;
				GCC_DYNAMIC_NO_PIC = NO;
				GCC_NO_COMMON_BLOCKS = YES;
				GCC_OPTIMIZATION_LEVEL = 0;
				GCC_PREPROCESSOR_DEFINITIONS = (
					"DEBUG=1",
					"$(inherited)",
				);
				GCC_WARN_64_TO_32_BIT_CONVERSION = YES;
				GCC_WARN_ABOUT_RETURN_TYPE = YES_ERROR;
				GCC_WARN_UNDECLARED_SELECTOR = YES;
				GCC_WARN_UNINITIALIZED_AUTOS = YES_AGGRESSIVE;
				GCC_WARN_UNUSED_FUNCTION = YES;
				GCC_WARN_UNUSED_VARIABLE = YES;
				IPHONEOS_DEPLOYMENT_TARGET = 10.2;
				MTL_ENABLE_DEBUG_INFO = YES;
				ONLY_ACTIVE_ARCH = YES;
				SDKROOT = iphoneos;
				SWIFT_ACTIVE_COMPILATION_CONDITIONS = DEBUG;
				SWIFT_OPTIMIZATION_LEVEL = "-Onone";
				TARGETED_DEVICE_FAMILY = "1,2";
			};
			name = Debug;
		};
		3AE7F69A1E64924C00D67889 /* Release */ = {
			isa = XCBuildConfiguration;
			buildSettings = {
				ALWAYS_SEARCH_USER_PATHS = NO;
				CLANG_ANALYZER_NONNULL = YES;
				CLANG_CXX_LANGUAGE_STANDARD = "gnu++0x";
				CLANG_CXX_LIBRARY = "libc++";
				CLANG_ENABLE_MODULES = YES;
				CLANG_ENABLE_OBJC_ARC = YES;
				CLANG_WARN_BOOL_CONVERSION = YES;
				CLANG_WARN_CONSTANT_CONVERSION = YES;
				CLANG_WARN_DIRECT_OBJC_ISA_USAGE = YES_ERROR;
				CLANG_WARN_DOCUMENTATION_COMMENTS = YES;
				CLANG_WARN_EMPTY_BODY = YES;
				CLANG_WARN_ENUM_CONVERSION = YES;
				CLANG_WARN_INFINITE_RECURSION = YES;
				CLANG_WARN_INT_CONVERSION = YES;
				CLANG_WARN_OBJC_ROOT_CLASS = YES_ERROR;
				CLANG_WARN_SUSPICIOUS_MOVE = YES;
				CLANG_WARN_UNREACHABLE_CODE = YES;
				CLANG_WARN__DUPLICATE_METHOD_MATCH = YES;
				"CODE_SIGN_IDENTITY[sdk=iphoneos*]" = "iPhone Developer";
				COPY_PHASE_STRIP = NO;
				DEBUG_INFORMATION_FORMAT = "dwarf-with-dsym";
				ENABLE_NS_ASSERTIONS = NO;
				ENABLE_STRICT_OBJC_MSGSEND = YES;
				GCC_C_LANGUAGE_STANDARD = gnu99;
				GCC_NO_COMMON_BLOCKS = YES;
				GCC_WARN_64_TO_32_BIT_CONVERSION = YES;
				GCC_WARN_ABOUT_RETURN_TYPE = YES_ERROR;
				GCC_WARN_UNDECLARED_SELECTOR = YES;
				GCC_WARN_UNINITIALIZED_AUTOS = YES_AGGRESSIVE;
				GCC_WARN_UNUSED_FUNCTION = YES;
				GCC_WARN_UNUSED_VARIABLE = YES;
				IPHONEOS_DEPLOYMENT_TARGET = 10.2;
				MTL_ENABLE_DEBUG_INFO = NO;
				SDKROOT = iphoneos;
				SWIFT_OPTIMIZATION_LEVEL = "-Owholemodule";
				TARGETED_DEVICE_FAMILY = "1,2";
				VALIDATE_PRODUCT = YES;
			};
			name = Release;
		};
		3AE7F69C1E64924C00D67889 /* Debug */ = {
			isa = XCBuildConfiguration;
			buildSettings = {
				ASSETCATALOG_COMPILER_APPICON_NAME = AppIcon;
				DEVELOPMENT_TEAM = 76CMF53Q35;
				ENABLE_BITCODE = NO;
				FRAMEWORK_SEARCH_PATHS = (
					"$(inherited)",
					"$(PROJECT_DIR)/Carthage/Build/iOS",
				);
				INFOPLIST_FILE = DroneProtoZero/Info.plist;
				LD_RUNPATH_SEARCH_PATHS = "$(inherited) @executable_path/Frameworks";
				PRODUCT_BUNDLE_IDENTIFIER = com.ibm.research.DroneProtoZero;
				PRODUCT_NAME = "$(TARGET_NAME)";
				SWIFT_VERSION = 3.0;
			};
			name = Debug;
		};
		3AE7F69D1E64924C00D67889 /* Release */ = {
			isa = XCBuildConfiguration;
			buildSettings = {
				ASSETCATALOG_COMPILER_APPICON_NAME = AppIcon;
				DEVELOPMENT_TEAM = 76CMF53Q35;
				ENABLE_BITCODE = NO;
				FRAMEWORK_SEARCH_PATHS = (
					"$(inherited)",
					"$(PROJECT_DIR)/Carthage/Build/iOS",
				);
				INFOPLIST_FILE = DroneProtoZero/Info.plist;
				LD_RUNPATH_SEARCH_PATHS = "$(inherited) @executable_path/Frameworks";
				PRODUCT_BUNDLE_IDENTIFIER = com.ibm.research.DroneProtoZero;
				PRODUCT_NAME = "$(TARGET_NAME)";
				SWIFT_VERSION = 3.0;
			};
			name = Release;
		};
		3AE7F69F1E64924C00D67889 /* Debug */ = {
			isa = XCBuildConfiguration;
			buildSettings = {
				ALWAYS_EMBED_SWIFT_STANDARD_LIBRARIES = YES;
				BUNDLE_LOADER = "$(TEST_HOST)";
				DEVELOPMENT_TEAM = 76CMF53Q35;
				INFOPLIST_FILE = DroneProtoZeroTests/Info.plist;
				LD_RUNPATH_SEARCH_PATHS = "$(inherited) @executable_path/Frameworks @loader_path/Frameworks";
				PRODUCT_BUNDLE_IDENTIFIER = com.ibm.research.DroneProtoZeroTests;
				PRODUCT_NAME = "$(TARGET_NAME)";
				SWIFT_VERSION = 3.0;
				TEST_HOST = "$(BUILT_PRODUCTS_DIR)/DroneProtoZero.app/DroneProtoZero";
			};
			name = Debug;
		};
		3AE7F6A01E64924C00D67889 /* Release */ = {
			isa = XCBuildConfiguration;
			buildSettings = {
				ALWAYS_EMBED_SWIFT_STANDARD_LIBRARIES = YES;
				BUNDLE_LOADER = "$(TEST_HOST)";
				DEVELOPMENT_TEAM = 76CMF53Q35;
				INFOPLIST_FILE = DroneProtoZeroTests/Info.plist;
				LD_RUNPATH_SEARCH_PATHS = "$(inherited) @executable_path/Frameworks @loader_path/Frameworks";
				PRODUCT_BUNDLE_IDENTIFIER = com.ibm.research.DroneProtoZeroTests;
				PRODUCT_NAME = "$(TARGET_NAME)";
				SWIFT_VERSION = 3.0;
				TEST_HOST = "$(BUILT_PRODUCTS_DIR)/DroneProtoZero.app/DroneProtoZero";
			};
			name = Release;
		};
		3AE7F6A21E64924C00D67889 /* Debug */ = {
			isa = XCBuildConfiguration;
			buildSettings = {
				ALWAYS_EMBED_SWIFT_STANDARD_LIBRARIES = YES;
				DEVELOPMENT_TEAM = 76CMF53Q35;
				INFOPLIST_FILE = DroneProtoZeroUITests/Info.plist;
				LD_RUNPATH_SEARCH_PATHS = "$(inherited) @executable_path/Frameworks @loader_path/Frameworks";
				PRODUCT_BUNDLE_IDENTIFIER = com.ibm.research.DroneProtoZeroUITests;
				PRODUCT_NAME = "$(TARGET_NAME)";
				SWIFT_VERSION = 3.0;
				TEST_TARGET_NAME = DroneProtoZero;
			};
			name = Debug;
		};
		3AE7F6A31E64924C00D67889 /* Release */ = {
			isa = XCBuildConfiguration;
			buildSettings = {
				ALWAYS_EMBED_SWIFT_STANDARD_LIBRARIES = YES;
				DEVELOPMENT_TEAM = 76CMF53Q35;
				INFOPLIST_FILE = DroneProtoZeroUITests/Info.plist;
				LD_RUNPATH_SEARCH_PATHS = "$(inherited) @executable_path/Frameworks @loader_path/Frameworks";
				PRODUCT_BUNDLE_IDENTIFIER = com.ibm.research.DroneProtoZeroUITests;
				PRODUCT_NAME = "$(TARGET_NAME)";
				SWIFT_VERSION = 3.0;
				TEST_TARGET_NAME = DroneProtoZero;
			};
			name = Release;
		};
/* End XCBuildConfiguration section */

/* Begin XCConfigurationList section */
		3AE7F66E1E64924C00D67889 /* Build configuration list for PBXProject "DroneProtoZero" */ = {
			isa = XCConfigurationList;
			buildConfigurations = (
				3AE7F6991E64924C00D67889 /* Debug */,
				3AE7F69A1E64924C00D67889 /* Release */,
			);
			defaultConfigurationIsVisible = 0;
			defaultConfigurationName = Release;
		};
		3AE7F69B1E64924C00D67889 /* Build configuration list for PBXNativeTarget "DroneProtoZero" */ = {
			isa = XCConfigurationList;
			buildConfigurations = (
				3AE7F69C1E64924C00D67889 /* Debug */,
				3AE7F69D1E64924C00D67889 /* Release */,
			);
			defaultConfigurationIsVisible = 0;
			defaultConfigurationName = Release;
		};
		3AE7F69E1E64924C00D67889 /* Build configuration list for PBXNativeTarget "DroneProtoZeroTests" */ = {
			isa = XCConfigurationList;
			buildConfigurations = (
				3AE7F69F1E64924C00D67889 /* Debug */,
				3AE7F6A01E64924C00D67889 /* Release */,
			);
			defaultConfigurationIsVisible = 0;
			defaultConfigurationName = Release;
		};
		3AE7F6A11E64924C00D67889 /* Build configuration list for PBXNativeTarget "DroneProtoZeroUITests" */ = {
			isa = XCConfigurationList;
			buildConfigurations = (
				3AE7F6A21E64924C00D67889 /* Debug */,
				3AE7F6A31E64924C00D67889 /* Release */,
			);
			defaultConfigurationIsVisible = 0;
			defaultConfigurationName = Release;
		};
/* End XCConfigurationList section */
	};
	rootObject = 3AE7F66B1E64924C00D67889 /* Project object */;
}
